
Microsoft Visual Studio Solution File, Format Version 12.00
# Visual Studio Version 16
VisualStudioVersion = 16.0.30320.27
MinimumVisualStudioVersion = 10.0.40219.1
Project("{FAE04EC0-301F-11D3-BF4B-00C04F79EFBC}") = "MarketStore-OOP", "MarketStore-OOP\MarketStore-OOP.csproj", "{515F7374-5E55-4BEA-BE6F-2AF580B66D70}"
EndProject
Global
	GlobalSection(SolutionConfigurationPlatforms) = preSolution
		Debug|Any CPU = Debug|Any CPU
		Release|Any CPU = Release|Any CPU
	EndGlobalSection
	GlobalSection(ProjectConfigurationPlatforms) = postSolution
		{515F7374-5E55-4BEA-BE6F-2AF580B66D70}.Debug|Any CPU.ActiveCfg = Debug|Any CPU
		{515F7374-5E55-4BEA-BE6F-2AF580B66D70}.Debug|Any CPU.Build.0 = Debug|Any CPU
		{515F7374-5E55-4BEA-BE6F-2AF580B66D70}.Release|Any CPU.ActiveCfg = Release|Any CPU
		{515F7374-5E55-4BEA-BE6F-2AF580B66D70}.Release|Any CPU.Build.0 = Release|Any CPU
	EndGlobalSection
	GlobalSection(SolutionProperties) = preSolution
		HideSolutionNode = FALSE
	EndGlobalSection
	GlobalSection(ExtensibilityGlobals) = postSolution
		SolutionGuid = {8E45B13A-8EBA-46AD-89BA-5D2719F989DA}
	EndGlobalSection
EndGlobal
